dependencies:
- name: postgresql
  repository: https://charts.bitnami.com/bitnami
  version: 8.9.4
- name: kafka
  repository: https://charts.bitnami.com/bitnami
  version: 11.6.0
digest: sha256:03e825e4eb10a0f12a5b2775709cd34741ea849cb38109260fd9717c87cb6a81
generated: "2020-07-29T05:03:20.35403+03:00"
